
Microsoft Visual Studio Solution File, Format Version 12.00
# Visual Studio Version 16
VisualStudioVersion = 16.0.28803.452
MinimumVisualStudioVersion = 10.0.40219.1
Project("{9A19103F-16F7-4668-BE54-9A1E7A4F7556}") = "DynamicLinqFilters.Models", "DynamicLinqFilters.Models\DynamicLinqFilters.Models.csproj", "{06685E20-E660-42F9-A444-714A75CD1CEE}"
EndProject
Project("{9A19103F-16F7-4668-BE54-9A1E7A4F7556}") = "DynamicLinqFilters.Extensions", "DynamicLinqFilters.Extensions\DynamicLinqFilters.Extensions.csproj", "{ED266135-BE8B-4213-98D8-8605284A2FC0}"
EndProject
Project("{2150E333-8FDC-42A3-9474-1A3956D46DE8}") = "src", "src", "{3960D817-B103-47D4-85EE-B06AA49CCFFE}"
EndProject
Global
	GlobalSection(SolutionConfigurationPlatforms) = preSolution
		Debug|Any CPU = Debug|Any CPU
		Release|Any CPU = Release|Any CPU
	EndGlobalSection
	GlobalSection(ProjectConfigurationPlatforms) = postSolution
		{06685E20-E660-42F9-A444-714A75CD1CEE}.Debug|Any CPU.ActiveCfg = Debug|Any CPU
		{06685E20-E660-42F9-A444-714A75CD1CEE}.Debug|Any CPU.Build.0 = Debug|Any CPU
		{06685E20-E660-42F9-A444-714A75CD1CEE}.Release|Any CPU.ActiveCfg = Release|Any CPU
		{06685E20-E660-42F9-A444-714A75CD1CEE}.Release|Any CPU.Build.0 = Release|Any CPU
		{ED266135-BE8B-4213-98D8-8605284A2FC0}.Debug|Any CPU.ActiveCfg = Debug|Any CPU
		{ED266135-BE8B-4213-98D8-8605284A2FC0}.Debug|Any CPU.Build.0 = Debug|Any CPU
		{ED266135-BE8B-4213-98D8-8605284A2FC0}.Release|Any CPU.ActiveCfg = Release|Any CPU
		{ED266135-BE8B-4213-98D8-8605284A2FC0}.Release|Any CPU.Build.0 = Release|Any CPU
	EndGlobalSection
	GlobalSection(SolutionProperties) = preSolution
		HideSolutionNode = FALSE
	EndGlobalSection
	GlobalSection(NestedProjects) = preSolution
		{06685E20-E660-42F9-A444-714A75CD1CEE} = {3960D817-B103-47D4-85EE-B06AA49CCFFE}
		{ED266135-BE8B-4213-98D8-8605284A2FC0} = {3960D817-B103-47D4-85EE-B06AA49CCFFE}
	EndGlobalSection
	GlobalSection(ExtensibilityGlobals) = postSolution
		SolutionGuid = {C1A8D7C1-D355-41A3-8D83-C29EE171BA2A}
	EndGlobalSection
EndGlobal
